
Microsoft Visual Studio Solution File, Format Version 12.00
# Visual Studio 14
VisualStudioVersion = 14.0.25420.1
MinimumVisualStudioVersion = 10.0.40219.1
Project("{FAE04EC0-301F-11D3-BF4B-00C04F79EFBC}") = "StartStaff", "StartStaff\StartStaff.csproj", "{3BEBA561-752E-470E-A1D2-AF8902FB366D}"
EndProject
Project("{FAE04EC0-301F-11D3-BF4B-00C04F79EFBC}") = "StarStaffTests", "StarStaffTests\StarStaffTests.csproj", "{4350AC96-C73C-4B85-A136-279D1057BFD4}"
EndProject
Global
	GlobalSection(SolutionConfigurationPlatforms) = preSolution
		Debug|Any CPU = Debug|Any CPU
		Release|Any CPU = Release|Any CPU
	EndGlobalSection
	GlobalSection(ProjectConfigurationPlatforms) = postSolution
		{3BEBA561-752E-470E-A1D2-AF8902FB366D}.Debug|Any CPU.ActiveCfg = Debug|Any CPU
		{3BEBA561-752E-470E-A1D2-AF8902FB366D}.Debug|Any CPU.Build.0 = Debug|Any CPU
		{3BEBA561-752E-470E-A1D2-AF8902FB366D}.Release|Any CPU.ActiveCfg = Release|Any CPU
		{3BEBA561-752E-470E-A1D2-AF8902FB366D}.Release|Any CPU.Build.0 = Release|Any CPU
		{4350AC96-C73C-4B85-A136-279D1057BFD4}.Debug|Any CPU.ActiveCfg = Debug|Any CPU
		{4350AC96-C73C-4B85-A136-279D1057BFD4}.Debug|Any CPU.Build.0 = Debug|Any CPU
		{4350AC96-C73C-4B85-A136-279D1057BFD4}.Release|Any CPU.ActiveCfg = Release|Any CPU
		{4350AC96-C73C-4B85-A136-279D1057BFD4}.Release|Any CPU.Build.0 = Release|Any CPU
	EndGlobalSection
	GlobalSection(SolutionProperties) = preSolution
		HideSolutionNode = FALSE
	EndGlobalSection
EndGlobal
